<Solution>
  <Folder Name="/.github/">
    <File Path=".github/renovate.json" />
  </Folder>
  <Folder Name="/.github/workflows/">
    <File Path=".github/workflows/build-and-test.yml" />
    <File Path=".github/workflows/codeql.yml" />
    <File Path=".github/workflows/daily-automatic-update.yml" />
  </Folder>
  <Folder Name="/src/">
    <Project Path="src/Soenneker.Clamav.Runners.Linux/Soenneker.Clamav.Runners.Linux.csproj" />
  </Folder>
  <Folder Name="/test/">
    <Project Path="test/Soenneker.Clamav.Runners.Linux.Tests/Soenneker.Clamav.Runners.Linux.Tests.csproj" />
  </Folder>
</Solution>
